
Microsoft Visual Studio Solution File, Format Version 12.00
# Visual Studio Version 17
VisualStudioVersion = 17.11.35208.52
MinimumVisualStudioVersion = 10.0.40219.1
Project("{9A19103F-16F7-4668-BE54-9A1E7A4F7556}") = "BookCatalog.Core.Api", "BookCatalog.Core.Api\BookCatalog.Core.Api.csproj", "{C51A939D-0EF6-4C5F-86E5-4C1F23CC022C}"
EndProject
Project("{9A19103F-16F7-4668-BE54-9A1E7A4F7556}") = "Domain", "Domain\Domain.csproj", "{88E2BB95-8FE1-4CDE-8D0C-5507464C661D}"
EndProject
Project("{9A19103F-16F7-4668-BE54-9A1E7A4F7556}") = "Application", "Application\Application.csproj", "{7A82E2CD-D222-4A2B-931C-72810CF383EA}"
EndProject
Project("{9A19103F-16F7-4668-BE54-9A1E7A4F7556}") = "Infrastracture", "Infrastracture\Infrastracture.csproj", "{AC5B4CDE-A36E-4665-98F7-A82589CCF460}"
EndProject
Project("{FAE04EC0-301F-11D3-BF4B-00C04F79EFBC}") = "BookCatalog.Web.Core", "BookCatalog.Web.Core\BookCatalog.Web.Core.csproj", "{621842D4-5732-448E-B007-829F9EF37656}"
EndProject
Global
	GlobalSection(SolutionConfigurationPlatforms) = preSolution
		Debug|Any CPU = Debug|Any CPU
		Release|Any CPU = Release|Any CPU
	EndGlobalSection
	GlobalSection(ProjectConfigurationPlatforms) = postSolution
		{C51A939D-0EF6-4C5F-86E5-4C1F23CC022C}.Debug|Any CPU.ActiveCfg = Debug|Any CPU
		{C51A939D-0EF6-4C5F-86E5-4C1F23CC022C}.Debug|Any CPU.Build.0 = Debug|Any CPU
		{C51A939D-0EF6-4C5F-86E5-4C1F23CC022C}.Release|Any CPU.ActiveCfg = Release|Any CPU
		{C51A939D-0EF6-4C5F-86E5-4C1F23CC022C}.Release|Any CPU.Build.0 = Release|Any CPU
		{88E2BB95-8FE1-4CDE-8D0C-5507464C661D}.Debug|Any CPU.ActiveCfg = Debug|Any CPU
		{88E2BB95-8FE1-4CDE-8D0C-5507464C661D}.Debug|Any CPU.Build.0 = Debug|Any CPU
		{88E2BB95-8FE1-4CDE-8D0C-5507464C661D}.Release|Any CPU.ActiveCfg = Release|Any CPU
		{88E2BB95-8FE1-4CDE-8D0C-5507464C661D}.Release|Any CPU.Build.0 = Release|Any CPU
		{7A82E2CD-D222-4A2B-931C-72810CF383EA}.Debug|Any CPU.ActiveCfg = Debug|Any CPU
		{7A82E2CD-D222-4A2B-931C-72810CF383EA}.Debug|Any CPU.Build.0 = Debug|Any CPU
		{7A82E2CD-D222-4A2B-931C-72810CF383EA}.Release|Any CPU.ActiveCfg = Release|Any CPU
		{7A82E2CD-D222-4A2B-931C-72810CF383EA}.Release|Any CPU.Build.0 = Release|Any CPU
		{AC5B4CDE-A36E-4665-98F7-A82589CCF460}.Debug|Any CPU.ActiveCfg = Debug|Any CPU
		{AC5B4CDE-A36E-4665-98F7-A82589CCF460}.Debug|Any CPU.Build.0 = Debug|Any CPU
		{AC5B4CDE-A36E-4665-98F7-A82589CCF460}.Release|Any CPU.ActiveCfg = Release|Any CPU
		{AC5B4CDE-A36E-4665-98F7-A82589CCF460}.Release|Any CPU.Build.0 = Release|Any CPU
		{621842D4-5732-448E-B007-829F9EF37656}.Debug|Any CPU.ActiveCfg = Debug|Any CPU
		{621842D4-5732-448E-B007-829F9EF37656}.Debug|Any CPU.Build.0 = Debug|Any CPU
		{621842D4-5732-448E-B007-829F9EF37656}.Release|Any CPU.ActiveCfg = Release|Any CPU
		{621842D4-5732-448E-B007-829F9EF37656}.Release|Any CPU.Build.0 = Release|Any CPU
	EndGlobalSection
	GlobalSection(SolutionProperties) = preSolution
		HideSolutionNode = FALSE
	EndGlobalSection
	GlobalSection(ExtensibilityGlobals) = postSolution
		SolutionGuid = {E34E492B-3CF6-4FEA-B227-DAE0C08DD122}
	EndGlobalSection
EndGlobal
